
Microsoft Visual Studio Solution File, Format Version 12.00
# Visual Studio 15
VisualStudioVersion = 15.0.27130.2036
MinimumVisualStudioVersion = 10.0.40219.1
Project("{FAE04EC0-301F-11D3-BF4B-00C04F79EFBC}") = "STCCInventoryMock.Android", "STCCInventoryMock\STCCInventoryMock.Android\STCCInventoryMock.Android.csproj", "{F047D29C-18EF-4228-AF24-5FA1B35725C9}"
EndProject
Project("{FAE04EC0-301F-11D3-BF4B-00C04F79EFBC}") = "STCCInventoryMock.iOS", "STCCInventoryMock\STCCInventoryMock.iOS\STCCInventoryMock.iOS.csproj", "{B811A283-1157-49A8-9241-FF1988F09F4D}"
EndProject
Project("{FAE04EC0-301F-11D3-BF4B-00C04F79EFBC}") = "STCCInventoryMock.UWP", "STCCInventoryMock\STCCInventoryMock.UWP\STCCInventoryMock.UWP.csproj", "{C75CCDDB-5F53-4A38-B2A1-A3558609BE99}"
EndProject
Project("{D954291E-2A0B-460D-934E-DC6B0785DB48}") = "STCCInventoryMock", "STCCInventoryMock\STCCInventoryMock\STCCInventoryMock.shproj", "{034D5D19-0F0A-464A-BE88-D220F9751D16}"
EndProject
Global
	GlobalSection(SharedMSBuildProjectFiles) = preSolution
		STCCInventoryMock\STCCInventoryMock\STCCInventoryMock.projitems*{034d5d19-0f0a-464a-be88-d220f9751d16}*SharedItemsImports = 13
		STCCInventoryMock\STCCInventoryMock\STCCInventoryMock.projitems*{b811a283-1157-49a8-9241-ff1988f09f4d}*SharedItemsImports = 4
		STCCInventoryMock\STCCInventoryMock\STCCInventoryMock.projitems*{c75ccddb-5f53-4a38-b2a1-a3558609be99}*SharedItemsImports = 4
		STCCInventoryMock\STCCInventoryMock\STCCInventoryMock.projitems*{f047d29c-18ef-4228-af24-5fa1b35725c9}*SharedItemsImports = 4
	EndGlobalSection
	GlobalSection(SolutionConfigurationPlatforms) = preSolution
		Ad-Hoc|Any CPU = Ad-Hoc|Any CPU
		Ad-Hoc|ARM = Ad-Hoc|ARM
		Ad-Hoc|iPhone = Ad-Hoc|iPhone
		Ad-Hoc|iPhoneSimulator = Ad-Hoc|iPhoneSimulator
		Ad-Hoc|x64 = Ad-Hoc|x64
		Ad-Hoc|x86 = Ad-Hoc|x86
		AppStore|Any CPU = AppStore|Any CPU
		AppStore|ARM = AppStore|ARM
		AppStore|iPhone = AppStore|iPhone
		AppStore|iPhoneSimulator = AppStore|iPhoneSimulator
		AppStore|x64 = AppStore|x64
		AppStore|x86 = AppStore|x86
		Debug|Any CPU = Debug|Any CPU
		Debug|ARM = Debug|ARM
		Debug|iPhone = Debug|iPhone
		Debug|iPhoneSimulator = Debug|iPhoneSimulator
		Debug|x64 = Debug|x64
		Debug|x86 = Debug|x86
		Release|Any CPU = Release|Any CPU
		Release|ARM = Release|ARM
		Release|iPhone = Release|iPhone
		Release|iPhoneSimulator = Release|iPhoneSimulator
		Release|x64 = Release|x64
		Release|x86 = Release|x86
	EndGlobalSection
	GlobalSection(ProjectConfigurationPlatforms) = postSolution
		{F047D29C-18EF-4228-AF24-5FA1B35725C9}.Ad-Hoc|Any CPU.ActiveCfg = Release|Any CPU
		{F047D29C-18EF-4228-AF24-5FA1B35725C9}.Ad-Hoc|Any CPU.Build.0 = Release|Any CPU
		{F047D29C-18EF-4228-AF24-5FA1B35725C9}.Ad-Hoc|Any CPU.Deploy.0 = Release|Any CPU
		{F047D29C-18EF-4228-AF24-5FA1B35725C9}.Ad-Hoc|ARM.ActiveCfg = Release|Any CPU
		{F047D29C-18EF-4228-AF24-5FA1B35725C9}.Ad-Hoc|ARM.Build.0 = Release|Any CPU
		{F047D29C-18EF-4228-AF24-5FA1B35725C9}.Ad-Hoc|ARM.Deploy.0 = Release|Any CPU
		{F047D29C-18EF-4228-AF24-5FA1B35725C9}.Ad-Hoc|iPhone.ActiveCfg = Release|Any CPU
		{F047D29C-18EF-4228-AF24-5FA1B35725C9}.Ad-Hoc|iPhone.Build.0 = Release|Any CPU
		{F047D29C-18EF-4228-AF24-5FA1B35725C9}.Ad-Hoc|iPhone.Deploy.0 = Release|Any CPU
		{F047D29C-18EF-4228-AF24-5FA1B35725C9}.Ad-Hoc|iPhoneSimulator.ActiveCfg = Release|Any CPU
		{F047D29C-18EF-4228-AF24-5FA1B35725C9}.Ad-Hoc|iPhoneSimulator.Build.0 = Release|Any CPU
		{F047D29C-18EF-4228-AF24-5FA1B35725C9}.Ad-Hoc|iPhoneSimulator.Deploy.0 = Release|Any CPU
		{F047D29C-18EF-4228-AF24-5FA1B35725C9}.Ad-Hoc|x64.ActiveCfg = Release|Any CPU
		{F047D29C-18EF-4228-AF24-5FA1B35725C9}.Ad-Hoc|x64.Build.0 = Release|Any CPU
		{F047D29C-18EF-4228-AF24-5FA1B35725C9}.Ad-Hoc|x64.Deploy.0 = Release|Any CPU
		{F047D29C-18EF-4228-AF24-5FA1B35725C9}.Ad-Hoc|x86.ActiveCfg = Release|Any CPU
		{F047D29C-18EF-4228-AF24-5FA1B35725C9}.Ad-Hoc|x86.Build.0 = Release|Any CPU
		{F047D29C-18EF-4228-AF24-5FA1B35725C9}.Ad-Hoc|x86.Deploy.0 = Release|Any CPU
		{F047D29C-18EF-4228-AF24-5FA1B35725C9}.AppStore|Any CPU.ActiveCfg = Release|Any CPU
		{F047D29C-18EF-4228-AF24-5FA1B35725C9}.AppStore|Any CPU.Build.0 = Release|Any CPU
		{F047D29C-18EF-4228-AF24-5FA1B35725C9}.AppStore|Any CPU.Deploy.0 = Release|Any CPU
		{F047D29C-18EF-4228-AF24-5FA1B35725C9}.AppStore|ARM.ActiveCfg = Release|Any CPU
		{F047D29C-18EF-4228-AF24-5FA1B35725C9}.AppStore|ARM.Build.0 = Release|Any CPU
		{F047D29C-18EF-4228-AF24-5FA1B35725C9}.AppStore|ARM.Deploy.0 = Release|Any CPU
		{F047D29C-18EF-4228-AF24-5FA1B35725C9}.AppStore|iPhone.ActiveCfg = Release|Any CPU
		{F047D29C-18EF-4228-AF24-5FA1B35725C9}.AppStore|iPhone.Build.0 = Release|Any CPU
		{F047D29C-18EF-4228-AF24-5FA1B35725C9}.AppStore|iPhone.Deploy.0 = Release|Any CPU
		{F047D29C-18EF-4228-AF24-5FA1B35725C9}.AppStore|iPhoneSimulator.ActiveCfg = Release|Any CPU
		{F047D29C-18EF-4228-AF24-5FA1B35725C9}.AppStore|iPhoneSimulator.Build.0 = Release|Any CPU
		{F047D29C-18EF-4228-AF24-5FA1B35725C9}.AppStore|iPhoneSimulator.Deploy.0 = Release|Any CPU
		{F047D29C-18EF-4228-AF24-5FA1B35725C9}.AppStore|x64.ActiveCfg = Release|Any CPU
		{F047D29C-18EF-4228-AF24-5FA1B35725C9}.AppStore|x64.Build.0 = Release|Any CPU
		{F047D29C-18EF-4228-AF24-5FA1B35725C9}.AppStore|x64.Deploy.0 = Release|Any CPU
		{F047D29C-18EF-4228-AF24-5FA1B35725C9}.AppStore|x86.ActiveCfg = Release|Any CPU
		{F047D29C-18EF-4228-AF24-5FA1B35725C9}.AppStore|x86.Build.0 = Release|Any CPU
		{F047D29C-18EF-4228-AF24-5FA1B35725C9}.AppStore|x86.Deploy.0 = Release|Any CPU
		{F047D29C-18EF-4228-AF24-5FA1B35725C9}.Debug|Any CPU.ActiveCfg = Debug|Any CPU
		{F047D29C-18EF-4228-AF24-5FA1B35725C9}.Debug|Any CPU.Build.0 = Debug|Any CPU
		{F047D29C-18EF-4228-AF24-5FA1B35725C9}.Debug|Any CPU.Deploy.0 = Debug|Any CPU
		{F047D29C-18EF-4228-AF24-5FA1B35725C9}.Debug|ARM.ActiveCfg = Debug|Any CPU
		{F047D29C-18EF-4228-AF24-5FA1B35725C9}.Debug|ARM.Build.0 = Debug|Any CPU
		{F047D29C-18EF-4228-AF24-5FA1B35725C9}.Debug|ARM.Deploy.0 = Debug|Any CPU
		{F047D29C-18EF-4228-AF24-5FA1B35725C9}.Debug|iPhone.ActiveCfg = Debug|Any CPU
		{F047D29C-18EF-4228-AF24-5FA1B35725C9}.Debug|iPhone.Build.0 = Debug|Any CPU
		{F047D29C-18EF-4228-AF24-5FA1B35725C9}.Debug|iPhone.Deploy.0 = Debug|Any CPU
		{F047D29C-18EF-4228-AF24-5FA1B35725C9}.Debug|iPhoneSimulator.ActiveCfg = Debug|Any CPU
		{F047D29C-18EF-4228-AF24-5FA1B35725C9}.Debug|iPhoneSimulator.Build.0 = Debug|Any CPU
		{F047D29C-18EF-4228-AF24-5FA1B35725C9}.Debug|iPhoneSimulator.Deploy.0 = Debug|Any CPU
		{F047D29C-18EF-4228-AF24-5FA1B35725C9}.Debug|x64.ActiveCfg = Debug|Any CPU
		{F047D29C-18EF-4228-AF24-5FA1B35725C9}.Debug|x64.Build.0 = Debug|Any CPU
		{F047D29C-18EF-4228-AF24-5FA1B35725C9}.Debug|x64.Deploy.0 = Debug|Any CPU
		{F047D29C-18EF-4228-AF24-5FA1B35725C9}.Debug|x86.ActiveCfg = Debug|Any CPU
		{F047D29C-18EF-4228-AF24-5FA1B35725C9}.Debug|x86.Build.0 = Debug|Any CPU
		{F047D29C-18EF-4228-AF24-5FA1B35725C9}.Debug|x86.Deploy.0 = Debug|Any CPU
		{F047D29C-18EF-4228-AF24-5FA1B35725C9}.Release|Any CPU.ActiveCfg = Release|Any CPU
		{F047D29C-18EF-4228-AF24-5FA1B35725C9}.Release|Any CPU.Build.0 = Release|Any CPU
		{F047D29C-18EF-4228-AF24-5FA1B35725C9}.Release|Any CPU.Deploy.0 = Release|Any CPU
		{F047D29C-18EF-4228-AF24-5FA1B35725C9}.Release|ARM.ActiveCfg = Release|Any CPU
		{F047D29C-18EF-4228-AF24-5FA1B35725C9}.Release|ARM.Build.0 = Release|Any CPU
		{F047D29C-18EF-4228-AF24-5FA1B35725C9}.Release|ARM.Deploy.0 = Release|Any CPU
		{F047D29C-18EF-4228-AF24-5FA1B35725C9}.Release|iPhone.ActiveCfg = Release|Any CPU
		{F047D29C-18EF-4228-AF24-5FA1B35725C9}.Release|iPhone.Build.0 = Release|Any CPU
		{F047D29C-18EF-4228-AF24-5FA1B35725C9}.Release|iPhone.Deploy.0 = Release|Any CPU
		{F047D29C-18EF-4228-AF24-5FA1B35725C9}.Release|iPhoneSimulator.ActiveCfg = Release|Any CPU
		{F047D29C-18EF-4228-AF24-5FA1B35725C9}.Release|iPhoneSimulator.Build.0 = Release|Any CPU
		{F047D29C-18EF-4228-AF24-5FA1B35725C9}.Release|iPhoneSimulator.Deploy.0 = Release|Any CPU
		{F047D29C-18EF-4228-AF24-5FA1B35725C9}.Release|x64.ActiveCfg = Release|Any CPU
		{F047D29C-18EF-4228-AF24-5FA1B35725C9}.Release|x64.Build.0 = Release|Any CPU
		{F047D29C-18EF-4228-AF24-5FA1B35725C9}.Release|x64.Deploy.0 = Release|Any CPU
		{F047D29C-18EF-4228-AF24-5FA1B35725C9}.Release|x86.ActiveCfg = Release|Any CPU
		{F047D29C-18EF-4228-AF24-5FA1B35725C9}.Release|x86.Build.0 = Release|Any CPU
		{F047D29C-18EF-4228-AF24-5FA1B35725C9}.Release|x86.Deploy.0 = Release|Any CPU
		{B811A283-1157-49A8-9241-FF1988F09F4D}.Ad-Hoc|Any CPU.ActiveCfg = Ad-Hoc|iPhone
		{B811A283-1157-49A8-9241-FF1988F09F4D}.Ad-Hoc|ARM.ActiveCfg = Ad-Hoc|iPhone
		{B811A283-1157-49A8-9241-FF1988F09F4D}.Ad-Hoc|iPhone.ActiveCfg = Ad-Hoc|iPhone
		{B811A283-1157-49A8-9241-FF1988F09F4D}.Ad-Hoc|iPhone.Build.0 = Ad-Hoc|iPhone
		{B811A283-1157-49A8-9241-FF1988F09F4D}.Ad-Hoc|iPhoneSimulator.ActiveCfg = Ad-Hoc|iPhoneSimulator
		{B811A283-1157-49A8-9241-FF1988F09F4D}.Ad-Hoc|iPhoneSimulator.Build.0 = Ad-Hoc|iPhoneSimulator
		{B811A283-1157-49A8-9241-FF1988F09F4D}.Ad-Hoc|x64.ActiveCfg = Ad-Hoc|iPhone
		{B811A283-1157-49A8-9241-FF1988F09F4D}.Ad-Hoc|x86.ActiveCfg = Ad-Hoc|iPhone
		{B811A283-1157-49A8-9241-FF1988F09F4D}.AppStore|Any CPU.ActiveCfg = AppStore|iPhone
		{B811A283-1157-49A8-9241-FF1988F09F4D}.AppStore|ARM.ActiveCfg = AppStore|iPhone
		{B811A283-1157-49A8-9241-FF1988F09F4D}.AppStore|iPhone.ActiveCfg = AppStore|iPhone
		{B811A283-1157-49A8-9241-FF1988F09F4D}.AppStore|iPhone.Build.0 = AppStore|iPhone
		{B811A283-1157-49A8-9241-FF1988F09F4D}.AppStore|iPhoneSimulator.ActiveCfg = AppStore|iPhoneSimulator
		{B811A283-1157-49A8-9241-FF1988F09F4D}.AppStore|iPhoneSimulator.Build.0 = AppStore|iPhoneSimulator
		{B811A283-1157-49A8-9241-FF1988F09F4D}.AppStore|x64.ActiveCfg = AppStore|iPhone
		{B811A283-1157-49A8-9241-FF1988F09F4D}.AppStore|x86.ActiveCfg = AppStore|iPhone
		{B811A283-1157-49A8-9241-FF1988F09F4D}.Debug|Any CPU.ActiveCfg = Debug|iPhone
		{B811A283-1157-49A8-9241-FF1988F09F4D}.Debug|ARM.ActiveCfg = Debug|iPhone
		{B811A283-1157-49A8-9241-FF1988F09F4D}.Debug|iPhone.ActiveCfg = Debug|iPhone
		{B811A283-1157-49A8-9241-FF1988F09F4D}.Debug|iPhone.Build.0 = Debug|iPhone
		{B811A283-1157-49A8-9241-FF1988F09F4D}.Debug|iPhoneSimulator.ActiveCfg = Debug|iPhoneSimulator
		{B811A283-1157-49A8-9241-FF1988F09F4D}.Debug|iPhoneSimulator.Build.0 = Debug|iPhoneSimulator
		{B811A283-1157-49A8-9241-FF1988F09F4D}.Debug|x64.ActiveCfg = Debug|iPhone
		{B811A283-1157-49A8-9241-FF1988F09F4D}.Debug|x86.ActiveCfg = Debug|iPhone
		{B811A283-1157-49A8-9241-FF1988F09F4D}.Release|Any CPU.ActiveCfg = Release|iPhone
		{B811A283-1157-49A8-9241-FF1988F09F4D}.Release|ARM.ActiveCfg = Release|iPhone
		{B811A283-1157-49A8-9241-FF1988F09F4D}.Release|iPhone.ActiveCfg = Release|iPhone
		{B811A283-1157-49A8-9241-FF1988F09F4D}.Release|iPhone.Build.0 = Release|iPhone
		{B811A283-1157-49A8-9241-FF1988F09F4D}.Release|iPhoneSimulator.ActiveCfg = Release|iPhoneSimulator
		{B811A283-1157-49A8-9241-FF1988F09F4D}.Release|iPhoneSimulator.Build.0 = Release|iPhoneSimulator
		{B811A283-1157-49A8-9241-FF1988F09F4D}.Release|x64.ActiveCfg = Release|iPhone
		{B811A283-1157-49A8-9241-FF1988F09F4D}.Release|x86.ActiveCfg = Release|iPhone
		{C75CCDDB-5F53-4A38-B2A1-A3558609BE99}.Ad-Hoc|Any CPU.ActiveCfg = Release|x86
		{C75CCDDB-5F53-4A38-B2A1-A3558609BE99}.Ad-Hoc|Any CPU.Build.0 = Release|x86
		{C75CCDDB-5F53-4A38-B2A1-A3558609BE99}.Ad-Hoc|Any CPU.Deploy.0 = Release|x86
		{C75CCDDB-5F53-4A38-B2A1-A3558609BE99}.Ad-Hoc|ARM.ActiveCfg = Release|ARM
		{C75CCDDB-5F53-4A38-B2A1-A3558609BE99}.Ad-Hoc|ARM.Build.0 = Release|ARM
		{C75CCDDB-5F53-4A38-B2A1-A3558609BE99}.Ad-Hoc|ARM.Deploy.0 = Release|ARM
		{C75CCDDB-5F53-4A38-B2A1-A3558609BE99}.Ad-Hoc|iPhone.ActiveCfg = Release|x86
		{C75CCDDB-5F53-4A38-B2A1-A3558609BE99}.Ad-Hoc|iPhone.Build.0 = Release|x86
		{C75CCDDB-5F53-4A38-B2A1-A3558609BE99}.Ad-Hoc|iPhone.Deploy.0 = Release|x86
		{C75CCDDB-5F53-4A38-B2A1-A3558609BE99}.Ad-Hoc|iPhoneSimulator.ActiveCfg = Release|x86
		{C75CCDDB-5F53-4A38-B2A1-A3558609BE99}.Ad-Hoc|iPhoneSimulator.Build.0 = Release|x86
		{C75CCDDB-5F53-4A38-B2A1-A3558609BE99}.Ad-Hoc|iPhoneSimulator.Deploy.0 = Release|x86
		{C75CCDDB-5F53-4A38-B2A1-A3558609BE99}.Ad-Hoc|x64.ActiveCfg = Release|x64
		{C75CCDDB-5F53-4A38-B2A1-A3558609BE99}.Ad-Hoc|x64.Build.0 = Release|x64
		{C75CCDDB-5F53-4A38-B2A1-A3558609BE99}.Ad-Hoc|x64.Deploy.0 = Release|x64
		{C75CCDDB-5F53-4A38-B2A1-A3558609BE99}.Ad-Hoc|x86.ActiveCfg = Release|x86
		{C75CCDDB-5F53-4A38-B2A1-A3558609BE99}.Ad-Hoc|x86.Build.0 = Release|x86
		{C75CCDDB-5F53-4A38-B2A1-A3558609BE99}.Ad-Hoc|x86.Deploy.0 = Release|x86
		{C75CCDDB-5F53-4A38-B2A1-A3558609BE99}.AppStore|Any CPU.ActiveCfg = Release|x86
		{C75CCDDB-5F53-4A38-B2A1-A3558609BE99}.AppStore|Any CPU.Build.0 = Release|x86
		{C75CCDDB-5F53-4A38-B2A1-A3558609BE99}.AppStore|Any CPU.Deploy.0 = Release|x86
		{C75CCDDB-5F53-4A38-B2A1-A3558609BE99}.AppStore|ARM.ActiveCfg = Release|ARM
		{C75CCDDB-5F53-4A38-B2A1-A3558609BE99}.AppStore|ARM.Build.0 = Release|ARM
		{C75CCDDB-5F53-4A38-B2A1-A3558609BE99}.AppStore|ARM.Deploy.0 = Release|ARM
		{C75CCDDB-5F53-4A38-B2A1-A3558609BE99}.AppStore|iPhone.ActiveCfg = Release|x86
		{C75CCDDB-5F53-4A38-B2A1-A3558609BE99}.AppStore|iPhone.Build.0 = Release|x86
		{C75CCDDB-5F53-4A38-B2A1-A3558609BE99}.AppStore|iPhone.Deploy.0 = Release|x86
		{C75CCDDB-5F53-4A38-B2A1-A3558609BE99}.AppStore|iPhoneSimulator.ActiveCfg = Release|x86
		{C75CCDDB-5F53-4A38-B2A1-A3558609BE99}.AppStore|iPhoneSimulator.Build.0 = Release|x86
		{C75CCDDB-5F53-4A38-B2A1-A3558609BE99}.AppStore|iPhoneSimulator.Deploy.0 = Release|x86
		{C75CCDDB-5F53-4A38-B2A1-A3558609BE99}.AppStore|x64.ActiveCfg = Release|x64
		{C75CCDDB-5F53-4A38-B2A1-A3558609BE99}.AppStore|x64.Build.0 = Release|x64
		{C75CCDDB-5F53-4A38-B2A1-A3558609BE99}.AppStore|x64.Deploy.0 = Release|x64
		{C75CCDDB-5F53-4A38-B2A1-A3558609BE99}.AppStore|x86.ActiveCfg = Release|x86
		{C75CCDDB-5F53-4A38-B2A1-A3558609BE99}.AppStore|x86.Build.0 = Release|x86
		{C75CCDDB-5F53-4A38-B2A1-A3558609BE99}.AppStore|x86.Deploy.0 = Release|x86
		{C75CCDDB-5F53-4A38-B2A1-A3558609BE99}.Debug|Any CPU.ActiveCfg = Debug|x86
		{C75CCDDB-5F53-4A38-B2A1-A3558609BE99}.Debug|ARM.ActiveCfg = Debug|ARM
		{C75CCDDB-5F53-4A38-B2A1-A3558609BE99}.Debug|ARM.Build.0 = Debug|ARM
		{C75CCDDB-5F53-4A38-B2A1-A3558609BE99}.Debug|ARM.Deploy.0 = Debug|ARM
		{C75CCDDB-5F53-4A38-B2A1-A3558609BE99}.Debug|iPhone.ActiveCfg = Debug|x86
		{C75CCDDB-5F53-4A38-B2A1-A3558609BE99}.Debug|iPhoneSimulator.ActiveCfg = Debug|x86
		{C75CCDDB-5F53-4A38-B2A1-A3558609BE99}.Debug|x64.ActiveCfg = Debug|x64
		{C75CCDDB-5F53-4A38-B2A1-A3558609BE99}.Debug|x64.Build.0 = Debug|x64
		{C75CCDDB-5F53-4A38-B2A1-A3558609BE99}.Debug|x64.Deploy.0 = Debug|x64
		{C75CCDDB-5F53-4A38-B2A1-A3558609BE99}.Debug|x86.ActiveCfg = Debug|x86
		{C75CCDDB-5F53-4A38-B2A1-A3558609BE99}.Debug|x86.Build.0 = Debug|x86
		{C75CCDDB-5F53-4A38-B2A1-A3558609BE99}.Debug|x86.Deploy.0 = Debug|x86
		{C75CCDDB-5F53-4A38-B2A1-A3558609BE99}.Release|Any CPU.ActiveCfg = Release|x86
		{C75CCDDB-5F53-4A38-B2A1-A3558609BE99}.Release|ARM.ActiveCfg = Release|ARM
		{C75CCDDB-5F53-4A38-B2A1-A3558609BE99}.Release|ARM.Build.0 = Release|ARM
		{C75CCDDB-5F53-4A38-B2A1-A3558609BE99}.Release|ARM.Deploy.0 = Release|ARM
		{C75CCDDB-5F53-4A38-B2A1-A3558609BE99}.Release|iPhone.ActiveCfg = Release|x86
		{C75CCDDB-5F53-4A38-B2A1-A3558609BE99}.Release|iPhoneSimulator.ActiveCfg = Release|x86
		{C75CCDDB-5F53-4A38-B2A1-A3558609BE99}.Release|x64.ActiveCfg = Release|x64
		{C75CCDDB-5F53-4A38-B2A1-A3558609BE99}.Release|x64.Build.0 = Release|x64
		{C75CCDDB-5F53-4A38-B2A1-A3558609BE99}.Release|x64.Deploy.0 = Release|x64
		{C75CCDDB-5F53-4A38-B2A1-A3558609BE99}.Release|x86.ActiveCfg = Release|x86
		{C75CCDDB-5F53-4A38-B2A1-A3558609BE99}.Release|x86.Build.0 = Release|x86
		{C75CCDDB-5F53-4A38-B2A1-A3558609BE99}.Release|x86.Deploy.0 = Release|x86
	EndGlobalSection
	GlobalSection(SolutionProperties) = preSolution
		HideSolutionNode = FALSE
	EndGlobalSection
	GlobalSection(ExtensibilityGlobals) = postSolution
		SolutionGuid = {9EF59590-2128-4A70-9D7C-C9EA597D8D52}
	EndGlobalSection
EndGlobal
